<Solution>
  <Folder Name="/Phase1/" />
  <Folder Name="/Phase1/Basics/">
    <Project Path="Phase1/Basics/MyFirstApp.csproj" />
  </Folder>
  <Folder Name="/Phase2/" />

  <Project Path="Phase1/AdvFundamentals/AdvFundamentals.csproj" />
  <Project Path="Phase1/EmployeeManagementConsole/EmployeeManagementConsole.csproj" />
  <Project Path="Phase1/OOP/OOP.csproj" />
</Solution>